
Microsoft Visual Studio Solution File, Format Version 12.00
Project("{FAE04EC0-301F-11D3-BF4B-00C04F79EFBC}") = "CodeFirst", "CodeFirst\CodeFirst.csproj", "{F89BD173-9F2E-486B-BE54-D1EF403C2F59}"
EndProject
Global
	GlobalSection(SolutionConfigurationPlatforms) = preSolution
		Debug|Any CPU = Debug|Any CPU
		Release|Any CPU = Release|Any CPU
	EndGlobalSection
	GlobalSection(ProjectConfigurationPlatforms) = postSolution
		{F89BD173-9F2E-486B-BE54-D1EF403C2F59}.Debug|Any CPU.ActiveCfg = Debug|Any CPU
		{F89BD173-9F2E-486B-BE54-D1EF403C2F59}.Debug|Any CPU.Build.0 = Debug|Any CPU
		{F89BD173-9F2E-486B-BE54-D1EF403C2F59}.Release|Any CPU.ActiveCfg = Release|Any CPU
		{F89BD173-9F2E-486B-BE54-D1EF403C2F59}.Release|Any CPU.Build.0 = Release|Any CPU
	EndGlobalSection
EndGlobal
