
Microsoft Visual Studio Solution File, Format Version 12.00
Project("{FAE04EC0-301F-11D3-BF4B-00C04F79EFBC}") = "Server", "Server\Server.csproj", "{6E7680E8-B68C-428D-BF40-EB5BE0112F3B}"
EndProject
Project("{FAE04EC0-301F-11D3-BF4B-00C04F79EFBC}") = "Client", "Client\Client.csproj", "{86A404FA-9AE3-4BDF-AAF1-CC5A99CD99E0}"
EndProject
Global
	GlobalSection(SolutionConfigurationPlatforms) = preSolution
		Debug|Any CPU = Debug|Any CPU
		Release|Any CPU = Release|Any CPU
	EndGlobalSection
	GlobalSection(ProjectConfigurationPlatforms) = postSolution
		{6E7680E8-B68C-428D-BF40-EB5BE0112F3B}.Debug|Any CPU.ActiveCfg = Debug|Any CPU
		{6E7680E8-B68C-428D-BF40-EB5BE0112F3B}.Debug|Any CPU.Build.0 = Debug|Any CPU
		{6E7680E8-B68C-428D-BF40-EB5BE0112F3B}.Release|Any CPU.ActiveCfg = Release|Any CPU
		{6E7680E8-B68C-428D-BF40-EB5BE0112F3B}.Release|Any CPU.Build.0 = Release|Any CPU
		{86A404FA-9AE3-4BDF-AAF1-CC5A99CD99E0}.Debug|Any CPU.ActiveCfg = Debug|Any CPU
		{86A404FA-9AE3-4BDF-AAF1-CC5A99CD99E0}.Debug|Any CPU.Build.0 = Debug|Any CPU
		{86A404FA-9AE3-4BDF-AAF1-CC5A99CD99E0}.Release|Any CPU.ActiveCfg = Release|Any CPU
		{86A404FA-9AE3-4BDF-AAF1-CC5A99CD99E0}.Release|Any CPU.Build.0 = Release|Any CPU
	EndGlobalSection
EndGlobal
