
Microsoft Visual Studio Solution File, Format Version 12.00
Project("{FAE04EC0-301F-11D3-BF4B-00C04F79EFBC}") = "FluentApi", "FluentApi.csproj", "{3EAEF066-1C37-41B5-A7A9-70A2E61E0619}"
EndProject
Global
	GlobalSection(SolutionConfigurationPlatforms) = preSolution
		Debug|Any CPU = Debug|Any CPU
		Release|Any CPU = Release|Any CPU
	EndGlobalSection
	GlobalSection(ProjectConfigurationPlatforms) = postSolution
		{3EAEF066-1C37-41B5-A7A9-70A2E61E0619}.Debug|Any CPU.ActiveCfg = Debug|Any CPU
		{3EAEF066-1C37-41B5-A7A9-70A2E61E0619}.Debug|Any CPU.Build.0 = Debug|Any CPU
		{3EAEF066-1C37-41B5-A7A9-70A2E61E0619}.Release|Any CPU.ActiveCfg = Release|Any CPU
		{3EAEF066-1C37-41B5-A7A9-70A2E61E0619}.Release|Any CPU.Build.0 = Release|Any CPU
	EndGlobalSection
EndGlobal
