
Microsoft Visual Studio Solution File, Format Version 12.00
Project("{FAE04EC0-301F-11D3-BF4B-00C04F79EFBC}") = "UserService.API", "UserService.API\UserService.API.csproj", "{DCC07726-BAF7-4E34-979F-3557433656BE}"
EndProject
Project("{FAE04EC0-301F-11D3-BF4B-00C04F79EFBC}") = "UserService.Application", "UserService.Application\UserService.Application.csproj", "{A50C71A2-FDCC-4F38-A488-DEAD558DBA5E}"
EndProject
Project("{FAE04EC0-301F-11D3-BF4B-00C04F79EFBC}") = "UserService.Infrastructure", "UserService.Infrastructure\UserService.Infrastructure.csproj", "{B81EB5A9-3A4F-4404-BC60-902E8F3F9DAB}"
EndProject
Project("{FAE04EC0-301F-11D3-BF4B-00C04F79EFBC}") = "UserService.Data", "UserService.Data\UserService.Data.csproj", "{6457E12D-09CA-4168-832B-96EB6E8EE404}"
EndProject
Project("{FAE04EC0-301F-11D3-BF4B-00C04F79EFBC}") = "UserService.Contracts", "UserService.Contracts\UserService.Contracts.csproj", "{ED9CF4AA-96F3-4DE1-87DC-A88C002AF5C4}"
EndProject
Global
	GlobalSection(SolutionConfigurationPlatforms) = preSolution
		Debug|Any CPU = Debug|Any CPU
		Release|Any CPU = Release|Any CPU
	EndGlobalSection
	GlobalSection(ProjectConfigurationPlatforms) = postSolution
		{DCC07726-BAF7-4E34-979F-3557433656BE}.Debug|Any CPU.ActiveCfg = Debug|Any CPU
		{DCC07726-BAF7-4E34-979F-3557433656BE}.Debug|Any CPU.Build.0 = Debug|Any CPU
		{DCC07726-BAF7-4E34-979F-3557433656BE}.Release|Any CPU.ActiveCfg = Release|Any CPU
		{DCC07726-BAF7-4E34-979F-3557433656BE}.Release|Any CPU.Build.0 = Release|Any CPU
		{A50C71A2-FDCC-4F38-A488-DEAD558DBA5E}.Debug|Any CPU.ActiveCfg = Debug|Any CPU
		{A50C71A2-FDCC-4F38-A488-DEAD558DBA5E}.Debug|Any CPU.Build.0 = Debug|Any CPU
		{A50C71A2-FDCC-4F38-A488-DEAD558DBA5E}.Release|Any CPU.ActiveCfg = Release|Any CPU
		{A50C71A2-FDCC-4F38-A488-DEAD558DBA5E}.Release|Any CPU.Build.0 = Release|Any CPU
		{B81EB5A9-3A4F-4404-BC60-902E8F3F9DAB}.Debug|Any CPU.ActiveCfg = Debug|Any CPU
		{B81EB5A9-3A4F-4404-BC60-902E8F3F9DAB}.Debug|Any CPU.Build.0 = Debug|Any CPU
		{B81EB5A9-3A4F-4404-BC60-902E8F3F9DAB}.Release|Any CPU.ActiveCfg = Release|Any CPU
		{B81EB5A9-3A4F-4404-BC60-902E8F3F9DAB}.Release|Any CPU.Build.0 = Release|Any CPU
		{6457E12D-09CA-4168-832B-96EB6E8EE404}.Debug|Any CPU.ActiveCfg = Debug|Any CPU
		{6457E12D-09CA-4168-832B-96EB6E8EE404}.Debug|Any CPU.Build.0 = Debug|Any CPU
		{6457E12D-09CA-4168-832B-96EB6E8EE404}.Release|Any CPU.ActiveCfg = Release|Any CPU
		{6457E12D-09CA-4168-832B-96EB6E8EE404}.Release|Any CPU.Build.0 = Release|Any CPU
		{ED9CF4AA-96F3-4DE1-87DC-A88C002AF5C4}.Debug|Any CPU.ActiveCfg = Debug|Any CPU
		{ED9CF4AA-96F3-4DE1-87DC-A88C002AF5C4}.Debug|Any CPU.Build.0 = Debug|Any CPU
		{ED9CF4AA-96F3-4DE1-87DC-A88C002AF5C4}.Release|Any CPU.ActiveCfg = Release|Any CPU
		{ED9CF4AA-96F3-4DE1-87DC-A88C002AF5C4}.Release|Any CPU.Build.0 = Release|Any CPU
	EndGlobalSection
EndGlobal
