
Microsoft Visual Studio Solution File, Format Version 12.00
# Visual Studio Version 17
VisualStudioVersion = 17.13.35825.156 d17.13
MinimumVisualStudioVersion = 10.0.40219.1
Project("{FAE04EC0-301F-11D3-BF4B-00C04F79EFBC}") = "Downloader", "Downloader\Downloader.csproj", "{665C0363-03E6-467F-BD3A-DDCF6BC1345F}"
EndProject
Global
	GlobalSection(SolutionConfigurationPlatforms) = preSolution
		Debug|Any CPU = Debug|Any CPU
		Release|Any CPU = Release|Any CPU
	EndGlobalSection
	GlobalSection(ProjectConfigurationPlatforms) = postSolution
		{665C0363-03E6-467F-BD3A-DDCF6BC1345F}.Debug|Any CPU.ActiveCfg = Debug|Any CPU
		{665C0363-03E6-467F-BD3A-DDCF6BC1345F}.Debug|Any CPU.Build.0 = Debug|Any CPU
		{665C0363-03E6-467F-BD3A-DDCF6BC1345F}.Release|Any CPU.ActiveCfg = Release|Any CPU
		{665C0363-03E6-467F-BD3A-DDCF6BC1345F}.Release|Any CPU.Build.0 = Release|Any CPU
	EndGlobalSection
	GlobalSection(SolutionProperties) = preSolution
		HideSolutionNode = FALSE
	EndGlobalSection
	GlobalSection(ExtensibilityGlobals) = postSolution
		SolutionGuid = {8DCF57D7-7725-4D98-A726-F0F0FE73F8DF}
	EndGlobalSection
EndGlobal
