
Microsoft Visual Studio Solution File, Format Version 12.00
Project("{FAE04EC0-301F-11D3-BF4B-00C04F79EFBC}") = "AuthApi.Presentation", "AuthApi.Presentation\AuthApi.Presentation.csproj", "{62D102EE-A718-4F60-9E2A-769A41546D88}"
EndProject
Project("{FAE04EC0-301F-11D3-BF4B-00C04F79EFBC}") = "AuthApi.Application", "AuthApi.Application\AuthApi.Application.csproj", "{1640F2A7-1727-4F64-8866-8C1A58845621}"
EndProject
Project("{FAE04EC0-301F-11D3-BF4B-00C04F79EFBC}") = "AuthApi.Infrastructure", "AuthApi.Infrastructure\AuthApi.Infrastructure.csproj", "{52218BC9-9708-4B40-B34D-9A66A1954EF1}"
EndProject
Project("{2150E333-8FDC-42A3-9474-1A3956D46DE8}") = "Auth", "Auth", "{A4E9A6B0-58A6-4AB8-8D91-CBC8B82857E7}"
EndProject
Project("{2150E333-8FDC-42A3-9474-1A3956D46DE8}") = "Showroom", "Showroom", "{8D310E84-E8C0-4D26-887D-0BB5AD4EA819}"
EndProject
Project("{FAE04EC0-301F-11D3-BF4B-00C04F79EFBC}") = "Showroom.Presentation", "Showroom.Presentation\Showroom.Presentation.csproj", "{4F678A9C-563A-44C0-93C8-D3705DB82F06}"
EndProject
Project("{FAE04EC0-301F-11D3-BF4B-00C04F79EFBC}") = "Showroom.Application", "Showroom.Application\Showroom.Application.csproj", "{33E3AD02-4DC6-419F-86CB-F5EBC4D883AF}"
EndProject
Project("{FAE04EC0-301F-11D3-BF4B-00C04F79EFBC}") = "Showroom.Contracts", "Showroom.Contracts\Showroom.Contracts.csproj", "{E6DBCA71-57DA-4077-8F28-B1B650908BFF}"
EndProject
Project("{FAE04EC0-301F-11D3-BF4B-00C04F79EFBC}") = "Showroom.Data", "Showroom.Data\Showroom.Data.csproj", "{C9A66CB7-2FAD-4B05-B2DF-7AA28F2F82EB}"
EndProject
Project("{FAE04EC0-301F-11D3-BF4B-00C04F79EFBC}") = "Showroom.Infrastructure", "Showroom.Infrastructure\Showroom.Infrastructure.csproj", "{EF546FF8-93A6-4EA4-8E42-D3155F41FCB4}"
EndProject
Project("{FAE04EC0-301F-11D3-BF4B-00C04F79EFBC}") = "AuthApi.Abstractions", "AuthApi.Abstractions\AuthApi.Abstractions.csproj", "{C087C0C3-0F22-4B39-8B1C-A74E4FCCF675}"
EndProject
Project("{FAE04EC0-301F-11D3-BF4B-00C04F79EFBC}") = "AuthApi.Core", "AuthApi.Core\AuthApi.Core.csproj", "{E9061C8A-3EA5-49BC-909E-2295467E57CE}"
EndProject
Global
	GlobalSection(SolutionConfigurationPlatforms) = preSolution
		Debug|Any CPU = Debug|Any CPU
		Release|Any CPU = Release|Any CPU
	EndGlobalSection
	GlobalSection(ProjectConfigurationPlatforms) = postSolution
		{62D102EE-A718-4F60-9E2A-769A41546D88}.Debug|Any CPU.ActiveCfg = Debug|Any CPU
		{62D102EE-A718-4F60-9E2A-769A41546D88}.Debug|Any CPU.Build.0 = Debug|Any CPU
		{62D102EE-A718-4F60-9E2A-769A41546D88}.Release|Any CPU.ActiveCfg = Release|Any CPU
		{62D102EE-A718-4F60-9E2A-769A41546D88}.Release|Any CPU.Build.0 = Release|Any CPU
		{1640F2A7-1727-4F64-8866-8C1A58845621}.Debug|Any CPU.ActiveCfg = Debug|Any CPU
		{1640F2A7-1727-4F64-8866-8C1A58845621}.Debug|Any CPU.Build.0 = Debug|Any CPU
		{1640F2A7-1727-4F64-8866-8C1A58845621}.Release|Any CPU.ActiveCfg = Release|Any CPU
		{1640F2A7-1727-4F64-8866-8C1A58845621}.Release|Any CPU.Build.0 = Release|Any CPU
		{52218BC9-9708-4B40-B34D-9A66A1954EF1}.Debug|Any CPU.ActiveCfg = Debug|Any CPU
		{52218BC9-9708-4B40-B34D-9A66A1954EF1}.Debug|Any CPU.Build.0 = Debug|Any CPU
		{52218BC9-9708-4B40-B34D-9A66A1954EF1}.Release|Any CPU.ActiveCfg = Release|Any CPU
		{52218BC9-9708-4B40-B34D-9A66A1954EF1}.Release|Any CPU.Build.0 = Release|Any CPU
		{4F678A9C-563A-44C0-93C8-D3705DB82F06}.Debug|Any CPU.ActiveCfg = Debug|Any CPU
		{4F678A9C-563A-44C0-93C8-D3705DB82F06}.Debug|Any CPU.Build.0 = Debug|Any CPU
		{4F678A9C-563A-44C0-93C8-D3705DB82F06}.Release|Any CPU.ActiveCfg = Release|Any CPU
		{4F678A9C-563A-44C0-93C8-D3705DB82F06}.Release|Any CPU.Build.0 = Release|Any CPU
		{33E3AD02-4DC6-419F-86CB-F5EBC4D883AF}.Debug|Any CPU.ActiveCfg = Debug|Any CPU
		{33E3AD02-4DC6-419F-86CB-F5EBC4D883AF}.Debug|Any CPU.Build.0 = Debug|Any CPU
		{33E3AD02-4DC6-419F-86CB-F5EBC4D883AF}.Release|Any CPU.ActiveCfg = Release|Any CPU
		{33E3AD02-4DC6-419F-86CB-F5EBC4D883AF}.Release|Any CPU.Build.0 = Release|Any CPU
		{E6DBCA71-57DA-4077-8F28-B1B650908BFF}.Debug|Any CPU.ActiveCfg = Debug|Any CPU
		{E6DBCA71-57DA-4077-8F28-B1B650908BFF}.Debug|Any CPU.Build.0 = Debug|Any CPU
		{E6DBCA71-57DA-4077-8F28-B1B650908BFF}.Release|Any CPU.ActiveCfg = Release|Any CPU
		{E6DBCA71-57DA-4077-8F28-B1B650908BFF}.Release|Any CPU.Build.0 = Release|Any CPU
		{C9A66CB7-2FAD-4B05-B2DF-7AA28F2F82EB}.Debug|Any CPU.ActiveCfg = Debug|Any CPU
		{C9A66CB7-2FAD-4B05-B2DF-7AA28F2F82EB}.Debug|Any CPU.Build.0 = Debug|Any CPU
		{C9A66CB7-2FAD-4B05-B2DF-7AA28F2F82EB}.Release|Any CPU.ActiveCfg = Release|Any CPU
		{C9A66CB7-2FAD-4B05-B2DF-7AA28F2F82EB}.Release|Any CPU.Build.0 = Release|Any CPU
		{EF546FF8-93A6-4EA4-8E42-D3155F41FCB4}.Debug|Any CPU.ActiveCfg = Debug|Any CPU
		{EF546FF8-93A6-4EA4-8E42-D3155F41FCB4}.Debug|Any CPU.Build.0 = Debug|Any CPU
		{EF546FF8-93A6-4EA4-8E42-D3155F41FCB4}.Release|Any CPU.ActiveCfg = Release|Any CPU
		{EF546FF8-93A6-4EA4-8E42-D3155F41FCB4}.Release|Any CPU.Build.0 = Release|Any CPU
		{C087C0C3-0F22-4B39-8B1C-A74E4FCCF675}.Debug|Any CPU.ActiveCfg = Debug|Any CPU
		{C087C0C3-0F22-4B39-8B1C-A74E4FCCF675}.Debug|Any CPU.Build.0 = Debug|Any CPU
		{C087C0C3-0F22-4B39-8B1C-A74E4FCCF675}.Release|Any CPU.ActiveCfg = Release|Any CPU
		{C087C0C3-0F22-4B39-8B1C-A74E4FCCF675}.Release|Any CPU.Build.0 = Release|Any CPU
		{E9061C8A-3EA5-49BC-909E-2295467E57CE}.Debug|Any CPU.ActiveCfg = Debug|Any CPU
		{E9061C8A-3EA5-49BC-909E-2295467E57CE}.Debug|Any CPU.Build.0 = Debug|Any CPU
		{E9061C8A-3EA5-49BC-909E-2295467E57CE}.Release|Any CPU.ActiveCfg = Release|Any CPU
		{E9061C8A-3EA5-49BC-909E-2295467E57CE}.Release|Any CPU.Build.0 = Release|Any CPU
	EndGlobalSection
	GlobalSection(NestedProjects) = preSolution
		{1640F2A7-1727-4F64-8866-8C1A58845621} = {A4E9A6B0-58A6-4AB8-8D91-CBC8B82857E7}
		{52218BC9-9708-4B40-B34D-9A66A1954EF1} = {A4E9A6B0-58A6-4AB8-8D91-CBC8B82857E7}
		{62D102EE-A718-4F60-9E2A-769A41546D88} = {A4E9A6B0-58A6-4AB8-8D91-CBC8B82857E7}
		{4F678A9C-563A-44C0-93C8-D3705DB82F06} = {8D310E84-E8C0-4D26-887D-0BB5AD4EA819}
		{33E3AD02-4DC6-419F-86CB-F5EBC4D883AF} = {8D310E84-E8C0-4D26-887D-0BB5AD4EA819}
		{E6DBCA71-57DA-4077-8F28-B1B650908BFF} = {8D310E84-E8C0-4D26-887D-0BB5AD4EA819}
		{C9A66CB7-2FAD-4B05-B2DF-7AA28F2F82EB} = {8D310E84-E8C0-4D26-887D-0BB5AD4EA819}
		{EF546FF8-93A6-4EA4-8E42-D3155F41FCB4} = {8D310E84-E8C0-4D26-887D-0BB5AD4EA819}
		{C087C0C3-0F22-4B39-8B1C-A74E4FCCF675} = {A4E9A6B0-58A6-4AB8-8D91-CBC8B82857E7}
		{E9061C8A-3EA5-49BC-909E-2295467E57CE} = {A4E9A6B0-58A6-4AB8-8D91-CBC8B82857E7}
	EndGlobalSection
EndGlobal
