
Microsoft Visual Studio Solution File, Format Version 12.00
Project("{FAE04EC0-301F-11D3-BF4B-00C04F79EFBC}") = "Processes", "Processes.csproj", "{9167DA40-29AB-4CB1-96E6-0B8F512A53C6}"
EndProject
Project("{FAE04EC0-301F-11D3-BF4B-00C04F79EFBC}") = "ChildProcessExample", "..\ChildProcessExample\ChildProcessExample.csproj", "{0E7EAD3E-4881-4BF7-840A-FBA492426748}"
EndProject
Global
	GlobalSection(SolutionConfigurationPlatforms) = preSolution
		Debug|Any CPU = Debug|Any CPU
		Release|Any CPU = Release|Any CPU
	EndGlobalSection
	GlobalSection(ProjectConfigurationPlatforms) = postSolution
		{9167DA40-29AB-4CB1-96E6-0B8F512A53C6}.Debug|Any CPU.ActiveCfg = Debug|Any CPU
		{9167DA40-29AB-4CB1-96E6-0B8F512A53C6}.Debug|Any CPU.Build.0 = Debug|Any CPU
		{9167DA40-29AB-4CB1-96E6-0B8F512A53C6}.Release|Any CPU.ActiveCfg = Release|Any CPU
		{9167DA40-29AB-4CB1-96E6-0B8F512A53C6}.Release|Any CPU.Build.0 = Release|Any CPU
		{0E7EAD3E-4881-4BF7-840A-FBA492426748}.Debug|Any CPU.ActiveCfg = Debug|Any CPU
		{0E7EAD3E-4881-4BF7-840A-FBA492426748}.Debug|Any CPU.Build.0 = Debug|Any CPU
		{0E7EAD3E-4881-4BF7-840A-FBA492426748}.Release|Any CPU.ActiveCfg = Release|Any CPU
		{0E7EAD3E-4881-4BF7-840A-FBA492426748}.Release|Any CPU.Build.0 = Release|Any CPU
	EndGlobalSection
EndGlobal
