
Microsoft Visual Studio Solution File, Format Version 12.00
Project("{2150E333-8FDC-42A3-9474-1A3956D46DE8}") = "Unicast", "Unicast", "{D6CCFF20-33F4-4294-B252-798542FDACF0}"
EndProject
Project("{FAE04EC0-301F-11D3-BF4B-00C04F79EFBC}") = "UniServer", "UniServer\UniServer.csproj", "{C5BB7AC8-2D17-4CBF-8A70-0FD97B083C08}"
EndProject
Project("{FAE04EC0-301F-11D3-BF4B-00C04F79EFBC}") = "UniClient", "UniClient\UniClient.csproj", "{C345B28E-206D-4DD0-9481-564478E1BC31}"
EndProject
Project("{2150E333-8FDC-42A3-9474-1A3956D46DE8}") = "Multicast", "Multicast", "{3038E610-BAF6-4D3C-A0FD-4ACD6E7ED7F9}"
EndProject
Project("{FAE04EC0-301F-11D3-BF4B-00C04F79EFBC}") = "MultiServer", "MultiServer\MultiServer.csproj", "{8E2D7643-97D2-4C41-82A4-AF0300323AB6}"
EndProject
Project("{FAE04EC0-301F-11D3-BF4B-00C04F79EFBC}") = "MultiClient", "MultiClient\MultiClient.csproj", "{57AE5A2F-056E-4AC2-B74B-776E77E25D26}"
EndProject
Project("{2150E333-8FDC-42A3-9474-1A3956D46DE8}") = "Broadcast", "Broadcast", "{70C99B9C-6709-4C3C-828F-69F41189A735}"
EndProject
Project("{FAE04EC0-301F-11D3-BF4B-00C04F79EFBC}") = "BroadServer", "BroadServer\BroadServer.csproj", "{06093751-A9BC-4E2C-9B4C-DF8447B0C693}"
EndProject
Project("{FAE04EC0-301F-11D3-BF4B-00C04F79EFBC}") = "BroadClient", "BroadClient\BroadClient.csproj", "{599325FB-44FA-48F8-9614-4975D06E3F9B}"
EndProject
Global
	GlobalSection(SolutionConfigurationPlatforms) = preSolution
		Debug|Any CPU = Debug|Any CPU
		Release|Any CPU = Release|Any CPU
	EndGlobalSection
	GlobalSection(NestedProjects) = preSolution
		{C5BB7AC8-2D17-4CBF-8A70-0FD97B083C08} = {D6CCFF20-33F4-4294-B252-798542FDACF0}
		{C345B28E-206D-4DD0-9481-564478E1BC31} = {D6CCFF20-33F4-4294-B252-798542FDACF0}
		{8E2D7643-97D2-4C41-82A4-AF0300323AB6} = {3038E610-BAF6-4D3C-A0FD-4ACD6E7ED7F9}
		{57AE5A2F-056E-4AC2-B74B-776E77E25D26} = {3038E610-BAF6-4D3C-A0FD-4ACD6E7ED7F9}
		{06093751-A9BC-4E2C-9B4C-DF8447B0C693} = {70C99B9C-6709-4C3C-828F-69F41189A735}
		{599325FB-44FA-48F8-9614-4975D06E3F9B} = {70C99B9C-6709-4C3C-828F-69F41189A735}
	EndGlobalSection
	GlobalSection(ProjectConfigurationPlatforms) = postSolution
		{C5BB7AC8-2D17-4CBF-8A70-0FD97B083C08}.Debug|Any CPU.ActiveCfg = Debug|Any CPU
		{C5BB7AC8-2D17-4CBF-8A70-0FD97B083C08}.Debug|Any CPU.Build.0 = Debug|Any CPU
		{C5BB7AC8-2D17-4CBF-8A70-0FD97B083C08}.Release|Any CPU.ActiveCfg = Release|Any CPU
		{C5BB7AC8-2D17-4CBF-8A70-0FD97B083C08}.Release|Any CPU.Build.0 = Release|Any CPU
		{C345B28E-206D-4DD0-9481-564478E1BC31}.Debug|Any CPU.ActiveCfg = Debug|Any CPU
		{C345B28E-206D-4DD0-9481-564478E1BC31}.Debug|Any CPU.Build.0 = Debug|Any CPU
		{C345B28E-206D-4DD0-9481-564478E1BC31}.Release|Any CPU.ActiveCfg = Release|Any CPU
		{C345B28E-206D-4DD0-9481-564478E1BC31}.Release|Any CPU.Build.0 = Release|Any CPU
		{8E2D7643-97D2-4C41-82A4-AF0300323AB6}.Debug|Any CPU.ActiveCfg = Debug|Any CPU
		{8E2D7643-97D2-4C41-82A4-AF0300323AB6}.Debug|Any CPU.Build.0 = Debug|Any CPU
		{8E2D7643-97D2-4C41-82A4-AF0300323AB6}.Release|Any CPU.ActiveCfg = Release|Any CPU
		{8E2D7643-97D2-4C41-82A4-AF0300323AB6}.Release|Any CPU.Build.0 = Release|Any CPU
		{57AE5A2F-056E-4AC2-B74B-776E77E25D26}.Debug|Any CPU.ActiveCfg = Debug|Any CPU
		{57AE5A2F-056E-4AC2-B74B-776E77E25D26}.Debug|Any CPU.Build.0 = Debug|Any CPU
		{57AE5A2F-056E-4AC2-B74B-776E77E25D26}.Release|Any CPU.ActiveCfg = Release|Any CPU
		{57AE5A2F-056E-4AC2-B74B-776E77E25D26}.Release|Any CPU.Build.0 = Release|Any CPU
		{06093751-A9BC-4E2C-9B4C-DF8447B0C693}.Debug|Any CPU.ActiveCfg = Debug|Any CPU
		{06093751-A9BC-4E2C-9B4C-DF8447B0C693}.Debug|Any CPU.Build.0 = Debug|Any CPU
		{06093751-A9BC-4E2C-9B4C-DF8447B0C693}.Release|Any CPU.ActiveCfg = Release|Any CPU
		{06093751-A9BC-4E2C-9B4C-DF8447B0C693}.Release|Any CPU.Build.0 = Release|Any CPU
		{599325FB-44FA-48F8-9614-4975D06E3F9B}.Debug|Any CPU.ActiveCfg = Debug|Any CPU
		{599325FB-44FA-48F8-9614-4975D06E3F9B}.Debug|Any CPU.Build.0 = Debug|Any CPU
		{599325FB-44FA-48F8-9614-4975D06E3F9B}.Release|Any CPU.ActiveCfg = Release|Any CPU
		{599325FB-44FA-48F8-9614-4975D06E3F9B}.Release|Any CPU.Build.0 = Release|Any CPU
	EndGlobalSection
EndGlobal
